
Microsoft Visual Studio Solution File, Format Version 12.00
# Visual Studio Version 16
VisualStudioVersion = 16.0.34601.136
MinimumVisualStudioVersion = 10.0.40219.1
Project("{8BC9CEB8-8B4A-11D0-8D11-00A0C91BC942}") = "learnsdl2", "learnsdl2\learnsdl2.vcxproj", "{DD95C8DF-095E-4260-9B2A-FB490A2D3D8D}"
EndProject
Global
	GlobalSection(SolutionConfigurationPlatforms) = preSolution
		Debug|x64 = Debug|x64
		Debug|x86 = Debug|x86
		Release|x64 = Release|x64
		Release|x86 = Release|x86
	EndGlobalSection
	GlobalSection(ProjectConfigurationPlatforms) = postSolution
		{DD95C8DF-095E-4260-9B2A-FB490A2D3D8D}.Debug|x64.ActiveCfg = Debug|x64
		{DD95C8DF-095E-4260-9B2A-FB490A2D3D8D}.Debug|x64.Build.0 = Debug|x64
		{DD95C8DF-095E-4260-9B2A-FB490A2D3D8D}.Debug|x86.ActiveCfg = Debug|Win32
		{DD95C8DF-095E-4260-9B2A-FB490A2D3D8D}.Debug|x86.Build.0 = Debug|Win32
		{DD95C8DF-095E-4260-9B2A-FB490A2D3D8D}.Release|x64.ActiveCfg = Release|x64
		{DD95C8DF-095E-4260-9B2A-FB490A2D3D8D}.Release|x64.Build.0 = Release|x64
		{DD95C8DF-095E-4260-9B2A-FB490A2D3D8D}.Release|x86.ActiveCfg = Release|Win32
		{DD95C8DF-095E-4260-9B2A-FB490A2D3D8D}.Release|x86.Build.0 = Release|Win32
	EndGlobalSection
	GlobalSection(SolutionProperties) = preSolution
		HideSolutionNode = FALSE
	EndGlobalSection
	GlobalSection(ExtensibilityGlobals) = postSolution
		SolutionGuid = {9EB8A9A1-30FD-4F3C-BDCC-434CF29DAE33}
	EndGlobalSection
EndGlobal
